
Microsoft Visual Studio Solution File, Format Version 12.00
# Visual Studio Version 16
VisualStudioVersion = 16.0.29806.167
MinimumVisualStudioVersion = 10.0.40219.1
Project("{9A19103F-16F7-4668-BE54-9A1E7A4F7556}") = "PhoneBookApp.Models", "PhoneBookApp.Models\PhoneBookApp.Models.csproj", "{E07F6F98-E52E-41FC-B478-D71BC99C4885}"
EndProject
Project("{9A19103F-16F7-4668-BE54-9A1E7A4F7556}") = "PhoneBookApp.Common", "PhoneBookApp.Common\PhoneBookApp.Common.csproj", "{CD58D177-BE7B-4812-B926-56D03338CE56}"
EndProject
Project("{9A19103F-16F7-4668-BE54-9A1E7A4F7556}") = "PhoneBookApp.API", "PhoneBookApp.API\PhoneBookApp.API.csproj", "{96BEFC6A-C8B1-4CBD-83F7-8978BBA1BAAC}"
EndProject
Project("{9A19103F-16F7-4668-BE54-9A1E7A4F7556}") = "PhoneBookApp.App", "PhoneBookApp.App\PhoneBookApp.App.csproj", "{70367876-FF0B-49B7-BFA8-9F8D4402C5FD}"
EndProject
Project("{9A19103F-16F7-4668-BE54-9A1E7A4F7556}") = "PhoneBookApp.Services", "PhoneBookApp.Services\PhoneBookApp.Services.csproj", "{9B5410E3-C681-4EB2-8359-5ABFC7A09909}"
EndProject
Project("{2150E333-8FDC-42A3-9474-1A3956D46DE8}") = "Required to run", "Required to run", "{9A02419F-DD1A-4FD4-B624-3BBB63282BE0}"
EndProject
Global
	GlobalSection(SolutionConfigurationPlatforms) = preSolution
		Debug|Any CPU = Debug|Any CPU
		Release|Any CPU = Release|Any CPU
	EndGlobalSection
	GlobalSection(ProjectConfigurationPlatforms) = postSolution
		{E07F6F98-E52E-41FC-B478-D71BC99C4885}.Debug|Any CPU.ActiveCfg = Debug|Any CPU
		{E07F6F98-E52E-41FC-B478-D71BC99C4885}.Debug|Any CPU.Build.0 = Debug|Any CPU
		{E07F6F98-E52E-41FC-B478-D71BC99C4885}.Release|Any CPU.ActiveCfg = Release|Any CPU
		{E07F6F98-E52E-41FC-B478-D71BC99C4885}.Release|Any CPU.Build.0 = Release|Any CPU
		{CD58D177-BE7B-4812-B926-56D03338CE56}.Debug|Any CPU.ActiveCfg = Debug|Any CPU
		{CD58D177-BE7B-4812-B926-56D03338CE56}.Debug|Any CPU.Build.0 = Debug|Any CPU
		{CD58D177-BE7B-4812-B926-56D03338CE56}.Release|Any CPU.ActiveCfg = Release|Any CPU
		{CD58D177-BE7B-4812-B926-56D03338CE56}.Release|Any CPU.Build.0 = Release|Any CPU
		{96BEFC6A-C8B1-4CBD-83F7-8978BBA1BAAC}.Debug|Any CPU.ActiveCfg = Debug|Any CPU
		{96BEFC6A-C8B1-4CBD-83F7-8978BBA1BAAC}.Debug|Any CPU.Build.0 = Debug|Any CPU
		{96BEFC6A-C8B1-4CBD-83F7-8978BBA1BAAC}.Release|Any CPU.ActiveCfg = Release|Any CPU
		{96BEFC6A-C8B1-4CBD-83F7-8978BBA1BAAC}.Release|Any CPU.Build.0 = Release|Any CPU
		{70367876-FF0B-49B7-BFA8-9F8D4402C5FD}.Debug|Any CPU.ActiveCfg = Debug|Any CPU
		{70367876-FF0B-49B7-BFA8-9F8D4402C5FD}.Debug|Any CPU.Build.0 = Debug|Any CPU
		{70367876-FF0B-49B7-BFA8-9F8D4402C5FD}.Release|Any CPU.ActiveCfg = Release|Any CPU
		{70367876-FF0B-49B7-BFA8-9F8D4402C5FD}.Release|Any CPU.Build.0 = Release|Any CPU
		{9B5410E3-C681-4EB2-8359-5ABFC7A09909}.Debug|Any CPU.ActiveCfg = Debug|Any CPU
		{9B5410E3-C681-4EB2-8359-5ABFC7A09909}.Debug|Any CPU.Build.0 = Debug|Any CPU
		{9B5410E3-C681-4EB2-8359-5ABFC7A09909}.Release|Any CPU.ActiveCfg = Release|Any CPU
		{9B5410E3-C681-4EB2-8359-5ABFC7A09909}.Release|Any CPU.Build.0 = Release|Any CPU
	EndGlobalSection
	GlobalSection(SolutionProperties) = preSolution
		HideSolutionNode = FALSE
	EndGlobalSection
	GlobalSection(NestedProjects) = preSolution
		{96BEFC6A-C8B1-4CBD-83F7-8978BBA1BAAC} = {9A02419F-DD1A-4FD4-B624-3BBB63282BE0}
		{70367876-FF0B-49B7-BFA8-9F8D4402C5FD} = {9A02419F-DD1A-4FD4-B624-3BBB63282BE0}
	EndGlobalSection
	GlobalSection(ExtensibilityGlobals) = postSolution
		SolutionGuid = {99B0540C-53D6-4790-A1AF-72E08929B805}
	EndGlobalSection
EndGlobal
